Microsoft Visual Studio Solution File, Format Version 12.00
# Visual Studio Version 17
VisualStudioVersion = 17.5.2.0
MinimumVisualStudioVersion = 10.0.40219.1
Project("{FAE04EC0-301F-11D3-BF4B-00C04F79EFBC}") = "GetSaldoFunction", "GetSaldoFunction.csproj", "{3E27FF37-C472-992E-CE6E-0387F4156481}"
EndProject
Global
	GlobalSection(SolutionConfigurationPlatforms) = preSolution
		Debug|Any CPU = Debug|Any CPU
		Release|Any CPU = Release|Any CPU
	EndGlobalSection
	GlobalSection(ProjectConfigurationPlatforms) = postSolution
		{3E27FF37-C472-992E-CE6E-0387F4156481}.Debug|Any CPU.ActiveCfg = Debug|Any CPU
		{3E27FF37-C472-992E-CE6E-0387F4156481}.Debug|Any CPU.Build.0 = Debug|Any CPU
		{3E27FF37-C472-992E-CE6E-0387F4156481}.Release|Any CPU.ActiveCfg = Release|Any CPU
		{3E27FF37-C472-992E-CE6E-0387F4156481}.Release|Any CPU.Build.0 = Release|Any CPU
	EndGlobalSection
	GlobalSection(SolutionProperties) = preSolution
		HideSolutionNode = FALSE
	EndGlobalSection
	GlobalSection(ExtensibilityGlobals) = postSolution
		SolutionGuid = {3C06F415-9E43-4C1F-B3AF-1A954451C3BB}
	EndGlobalSection
EndGlobal
